
Microsoft Visual Studio Solution File, Format Version 12.00
# Visual Studio Version 17
VisualStudioVersion = 17.8.34330.188
MinimumVisualStudioVersion = 10.0.40219.1
Project("{FAE04EC0-301F-11D3-BF4B-00C04F79EFBC}") = "ClassificationApp", "ClassificationApp.csproj", "{C0EB4D55-8BDB-4B72-BD93-D5C4A682BFC0}"
EndProject
Global
	GlobalSection(SolutionConfigurationPlatforms) = preSolution
		Debug|Any CPU = Debug|Any CPU
		Release|Any CPU = Release|Any CPU
	EndGlobalSection
	GlobalSection(ProjectConfigurationPlatforms) = postSolution
		{C0EB4D55-8BDB-4B72-BD93-D5C4A682BFC0}.Debug|Any CPU.ActiveCfg = Debug|Any CPU
		{C0EB4D55-8BDB-4B72-BD93-D5C4A682BFC0}.Debug|Any CPU.Build.0 = Debug|Any CPU
		{C0EB4D55-8BDB-4B72-BD93-D5C4A682BFC0}.Release|Any CPU.ActiveCfg = Release|Any CPU
		{C0EB4D55-8BDB-4B72-BD93-D5C4A682BFC0}.Release|Any CPU.Build.0 = Release|Any CPU
	EndGlobalSection
	GlobalSection(SolutionProperties) = preSolution
		HideSolutionNode = FALSE
	EndGlobalSection
	GlobalSection(ExtensibilityGlobals) = postSolution
		SolutionGuid = {475B2B78-E8EB-4310-BAC2-28DF53A0631E}
	EndGlobalSection
EndGlobal
